
Microsoft Visual Studio Solution File, Format Version 12.00
# Visual Studio Version 16
VisualStudioVersion = 16.0.29326.143
MinimumVisualStudioVersion = 10.0.40219.1
Project("{FAE04EC0-301F-11D3-BF4B-00C04F79EFBC}") = "RevokeLinkBot", "RevokeLinkBot\RevokeLinkBot.csproj", "{CE16B07A-2D43-4B12-9B28-D6308D6E8B1F}"
EndProject
Global
	GlobalSection(SolutionConfigurationPlatforms) = preSolution
		Debug|Any CPU = Debug|Any CPU
		Release|Any CPU = Release|Any CPU
	EndGlobalSection
	GlobalSection(ProjectConfigurationPlatforms) = postSolution
		{CE16B07A-2D43-4B12-9B28-D6308D6E8B1F}.Debug|Any CPU.ActiveCfg = Debug|Any CPU
		{CE16B07A-2D43-4B12-9B28-D6308D6E8B1F}.Debug|Any CPU.Build.0 = Debug|Any CPU
		{CE16B07A-2D43-4B12-9B28-D6308D6E8B1F}.Release|Any CPU.ActiveCfg = Release|Any CPU
		{CE16B07A-2D43-4B12-9B28-D6308D6E8B1F}.Release|Any CPU.Build.0 = Release|Any CPU
	EndGlobalSection
	GlobalSection(SolutionProperties) = preSolution
		HideSolutionNode = FALSE
	EndGlobalSection
	GlobalSection(ExtensibilityGlobals) = postSolution
		SolutionGuid = {3ADF8B2B-B353-4A00-B905-B9A0013FA94B}
	EndGlobalSection
EndGlobal
